
Microsoft Visual Studio Solution File, Format Version 12.00
# Visual Studio Version 17
VisualStudioVersion = 17.3.32819.101
MinimumVisualStudioVersion = 10.0.40219.1
Project("{888888A0-9F3D-457C-B088-3A5042F75D52}") = "Annan Uppgift 2", "Annan Uppgift 2\Annan Uppgift 2.pyproj", "{B4C019DA-882B-43AB-8E5C-C413A00FC97F}"
EndProject
Global
	GlobalSection(SolutionConfigurationPlatforms) = preSolution
		Debug|Any CPU = Debug|Any CPU
		Release|Any CPU = Release|Any CPU
	EndGlobalSection
	GlobalSection(ProjectConfigurationPlatforms) = postSolution
		{B4C019DA-882B-43AB-8E5C-C413A00FC97F}.Debug|Any CPU.ActiveCfg = Debug|Any CPU
		{B4C019DA-882B-43AB-8E5C-C413A00FC97F}.Release|Any CPU.ActiveCfg = Release|Any CPU
	EndGlobalSection
	GlobalSection(SolutionProperties) = preSolution
		HideSolutionNode = FALSE
	EndGlobalSection
	GlobalSection(ExtensibilityGlobals) = postSolution
		SolutionGuid = {925321F0-264F-41C1-BE64-AA2E0ADBC298}
	EndGlobalSection
EndGlobal
